
Microsoft Visual Studio Solution File, Format Version 12.00
# Visual Studio Version 16
VisualStudioVersion = 16.0.30503.244
MinimumVisualStudioVersion = 10.0.40219.1
Project("{FAE04EC0-301F-11D3-BF4B-00C04F79EFBC}") = "Lab_2_2", "Lab_2_2\Lab_2_2.csproj", "{ABA03C40-9B4B-4EBF-90F5-1B434783C719}"
EndProject
Project("{FAE04EC0-301F-11D3-BF4B-00C04F79EFBC}") = "Lab_2_2Tests", "Lab_2_2Tests\Lab_2_2Tests.csproj", "{FEDE82F6-F863-4428-B24D-1EA14BF4D1B7}"
EndProject
Global
	GlobalSection(SolutionConfigurationPlatforms) = preSolution
		Debug|Any CPU = Debug|Any CPU
		Release|Any CPU = Release|Any CPU
	EndGlobalSection
	GlobalSection(ProjectConfigurationPlatforms) = postSolution
		{ABA03C40-9B4B-4EBF-90F5-1B434783C719}.Debug|Any CPU.ActiveCfg = Debug|Any CPU
		{ABA03C40-9B4B-4EBF-90F5-1B434783C719}.Debug|Any CPU.Build.0 = Debug|Any CPU
		{ABA03C40-9B4B-4EBF-90F5-1B434783C719}.Release|Any CPU.ActiveCfg = Release|Any CPU
		{ABA03C40-9B4B-4EBF-90F5-1B434783C719}.Release|Any CPU.Build.0 = Release|Any CPU
		{FEDE82F6-F863-4428-B24D-1EA14BF4D1B7}.Debug|Any CPU.ActiveCfg = Debug|Any CPU
		{FEDE82F6-F863-4428-B24D-1EA14BF4D1B7}.Debug|Any CPU.Build.0 = Debug|Any CPU
		{FEDE82F6-F863-4428-B24D-1EA14BF4D1B7}.Release|Any CPU.ActiveCfg = Release|Any CPU
		{FEDE82F6-F863-4428-B24D-1EA14BF4D1B7}.Release|Any CPU.Build.0 = Release|Any CPU
	EndGlobalSection
	GlobalSection(SolutionProperties) = preSolution
		HideSolutionNode = FALSE
	EndGlobalSection
	GlobalSection(ExtensibilityGlobals) = postSolution
		SolutionGuid = {8BB51571-03CC-424C-96B0-F8056056BBCC}
	EndGlobalSection
EndGlobal
